NeoBundleLock DeleteTrailingWhitespace 62fe08aff3c3a020e483386f5c3e90c2e85e24b0
NeoBundleLock ZoomWin cf21ce1f4bfec10fe7e446c08e9e647a2a234e03
NeoBundleLock golden-ratio 1862c76ec2279ba8d5de4bf016b70067668b3be3
NeoBundleLock kickAssembler-syntax bc501de06b7015662c9f25e5be7d0015e5cf73b4
NeoBundleLock molokai db8ce13b3737d3ddea8368498183d7c204a762eb
NeoBundleLock neobundle.vim b76ec05d2330aef2fbbcdc58f98c49e94f5ffdbd
NeoBundleLock neocomplete cb1ae10a8a394dd5a13c4b4865454e6937dce31d
NeoBundleLock neosnippet d7145056c4b3b8177159a085cffbe54c18a7d248
NeoBundleLock neosnippet-snippets d66cc78d8099e92aacf9d27d7b769abf7e9d6f7a
NeoBundleLock pb.vim 917f930b32c74cf5af65232aad922d826c1c990a
NeoBundleLock syntastic b152ac3db3d72fdcadddfee331a8972bad7588ff
NeoBundleLock unite-help f61cbf4015c143ebe6ca6cb589b088665a8325cd
NeoBundleLock unite-outline 432bc03fe82d3699a8987c15162e914354c06685
NeoBundleLock unite-ssh fdb24984949aa392dfa6ca9d231e17cc87705b66
NeoBundleLock unite.vim 68a0485a9590ec7a587286d8ad5abb0208d39a4f
NeoBundleLock vim-airline f45ecdac15d99ed2354873a8b4d40432fd0a85a3
NeoBundleLock vim-easymotion 8acdfc60e58bb0600ded42a4f752bec6e3b6d882
NeoBundleLock vim-elixir 2377882a81ab74479b1229038626a8c1c1403fae
NeoBundleLock vim-fugitive 4cc201cbe3a0c3faa4cde1b82ba941d410e5e81c
NeoBundleLock vim-hemisu 37ea6aace110e1e70acb32a3ec6dc9b7ae9009bf
NeoBundleLock vim-mix a2c655ab9f2384ee417b8a1531f4d43baee7fd2a
NeoBundleLock vim-unite-history 73c766a4dcaa52a1c0306aad81403dc4457c1776
NeoBundleLock vimfiler.vim 57078e1dc9dd2ee50b8a711fc462f64a3e05e161
NeoBundleLock vimproc.vim 0f68bcd93399ecbcde3eaa4efd09107314c9bdee
